// !$*UTF8*$!
{
	archiveVersion = 1;
	classes = {
	};
	objectVersion = 50;
	objects = {

/* Begin PBXBuildFile section */
		BD16DF9A20D62805003D99F2 /* AppDelegate.swift in Sources */ = {isa = PBXBuildFile; fileRef = BD16DF9920D62805003D99F2 /* AppDelegate.swift */; };
		BD16DF9F20D62805003D99F2 /* Main.storyboard in Resources */ = {isa = PBXBuildFile; fileRef = BD16DF9D20D62805003D99F2 /* Main.storyboard */; };
		BD16DFA120D62806003D99F2 /* Assets.xcassets in Resources */ = {isa = PBXBuildFile; fileRef = BD16DFA020D62806003D99F2 /* Assets.xcassets */; };
		BD16DFA420D62806003D99F2 /* LaunchScreen.storyboard in Resources */ = {isa = PBXBuildFile; fileRef = BD16DFA220D62806003D99F2 /* LaunchScreen.storyboard */; };
		BD16DFAF20D62807003D99F2 /* Proficiency_ExerciseTests.swift in Sources */ = {isa = PBXBuildFile; fileRef = BD16DFAE20D62807003D99F2 /* Proficiency_ExerciseTests.swift */; };
		BD16DFBA20D62807003D99F2 /* Proficiency_ExerciseUITests.swift in Sources */ = {isa = PBXBuildFile; fileRef = BD16DFB920D62807003D99F2 /* Proficiency_ExerciseUITests.swift */; };
		BDD1F98820D6347400FE7B12 /* HomeViewController.swift in Sources */ = {isa = PBXBuildFile; fileRef = BDD1F98720D6347400FE7B12 /* HomeViewController.swift */; };
		BDD1F98A20D6351A00FE7B12 /* HomeViewCell.swift in Sources */ = {isa = PBXBuildFile; fileRef = BDD1F98920D6351A00FE7B12 /* HomeViewCell.swift */; };
		BDD1F99220D6562200FE7B12 /* HomeItem.swift in Sources */ = {isa = PBXBuildFile; fileRef = BDD1F99120D6562200FE7B12 /* HomeItem.swift */; };
/* End PBXBuildFile section */

/* Begin PBXContainerItemProxy section */
		BD16DFAB20D62806003D99F2 /* PBXContainerItemProxy */ = {
			isa = PBXContainerItemProxy;
			containerPortal = BD16DF8E20D62805003D99F2 /* Project object */;
			proxyType = 1;
			remoteGlobalIDString = BD16DF9520D62805003D99F2;
			remoteInfo = "Proficiency-Exercise";
		};
		BD16DFB620D62807003D99F2 /* PBXContainerItemProxy */ = {
			isa = PBXContainerItemProxy;
			containerPortal = BD16DF8E20D62805003D99F2 /* Project object */;
			proxyType = 1;
			remoteGlobalIDString = BD16DF9520D62805003D99F2;
			remoteInfo = "Proficiency-Exercise";
		};
/* End PBXContainerItemProxy section */

/* Begin PBXFileReference section */
		BD16DF9620D62805003D99F2 /* Proficiency-Exercise.app */ = {isa = PBXFileReference; explicitFileType = wrapper.application; includeInIndex = 0; path = "Proficiency-Exercise.app"; sourceTree = BUILT_PRODUCTS_DIR; };
		BD16DF9920D62805003D99F2 /* AppDelegate.swift */ = {isa = PBXFileReference; lastKnownFileType = sourcecode.swift; path = AppDelegate.swift; sourceTree = "<group>"; };
		BD16DF9E20D62805003D99F2 /* Base */ = {isa = PBXFileReference; lastKnownFileType = file.storyboard; name = Base; path = Base.lproj/Main.storyboard; sourceTree = "<group>"; };
		BD16DFA020D62806003D99F2 /* Assets.xcassets */ = {isa = PBXFileReference; lastKnownFileType = folder.assetcatalog; path = Assets.xcassets; sourceTree = "<group>"; };
		BD16DFA320D62806003D99F2 /* Base */ = {isa = PBXFileReference; lastKnownFileType = file.storyboard; name = Base; path = Base.lproj/LaunchScreen.storyboard; sourceTree = "<group>"; };
		BD16DFA520D62806003D99F2 /* Info.plist */ = {isa = PBXFileReference; lastKnownFileType = text.plist.xml; path = Info.plist; sourceTree = "<group>"; };
		BD16DFAA20D62806003D99F2 /* Proficiency-ExerciseTests.xctest */ = {isa = PBXFileReference; explicitFileType = wrapper.cfbundle; includeInIndex = 0; path = "Proficiency-ExerciseTests.xctest"; sourceTree = BUILT_PRODUCTS_DIR; };
		BD16DFAE20D62807003D99F2 /* Proficiency_ExerciseTests.swift */ = {isa = PBXFileReference; lastKnownFileType = sourcecode.swift; path = Proficiency_ExerciseTests.swift; sourceTree = "<group>"; };
		BD16DFB020D62807003D99F2 /* Info.plist */ = {isa = PBXFileReference; lastKnownFileType = text.plist.xml; path = Info.plist; sourceTree = "<group>"; };
		BD16DFB520D62807003D99F2 /* Proficiency-ExerciseUITests.xctest */ = {isa = PBXFileReference; explicitFileType = wrapper.cfbundle; includeInIndex = 0; path = "Proficiency-ExerciseUITests.xctest"; sourceTree = BUILT_PRODUCTS_DIR; };
		BD16DFB920D62807003D99F2 /* Proficiency_ExerciseUITests.swift */ = {isa = PBXFileReference; lastKnownFileType = sourcecode.swift; path = Proficiency_ExerciseUITests.swift; sourceTree = "<group>"; };
		BD16DFBB20D62807003D99F2 /* Info.plist */ = {isa = PBXFileReference; lastKnownFileType = text.plist.xml; path = Info.plist; sourceTree = "<group>"; };
		BDD1F98720D6347400FE7B12 /* HomeViewController.swift */ = {isa = PBXFileReference; lastKnownFileType = sourcecode.swift; path = HomeViewController.swift; sourceTree = "<group>"; };
		BDD1F98920D6351A00FE7B12 /* HomeViewCell.swift */ = {isa = PBXFileReference; lastKnownFileType = sourcecode.swift; path = HomeViewCell.swift; sourceTree = "<group>"; };
		BDD1F99120D6562200FE7B12 /* HomeItem.swift */ = {isa = PBXFileReference; lastKnownFileType = sourcecode.swift; path = HomeItem.swift; sourceTree = "<group>"; };
/* End PBXFileReference section */

/* Begin PBXFrameworksBuildPhase section */
		BD16DF9320D62805003D99F2 /* Frameworks */ = {
			isa = PBXFrameworksBuildPhase;
			buildActionMask = 2147483647;
			files = (
			);
			runOnlyForDeploymentPostprocessing = 0;
		};
		BD16DFA720D62806003D99F2 /* Frameworks */ = {
			isa = PBXFrameworksBuildPhase;
			buildActionMask = 2147483647;
			files = (
			);
			runOnlyForDeploymentPostprocessing = 0;
		};
		BD16DFB220D62807003D99F2 /* Frameworks */ = {
			isa = PBXFrameworksBuildPhase;
			buildActionMask = 2147483647;
			files = (
			);
			runOnlyForDeploymentPostprocessing = 0;
		};
/* End PBXFrameworksBuildPhase section */

/* Begin PBXGroup section */
		BD16DF8D20D62805003D99F2 = {
			isa = PBXGroup;
			children = (
				BD16DF9820D62805003D99F2 /* Proficiency-Exercise */,
				BD16DFAD20D62807003D99F2 /* Proficiency-ExerciseTests */,
				BD16DFB820D62807003D99F2 /* Proficiency-ExerciseUITests */,
				BD16DF9720D62805003D99F2 /* Products */,
			);
			sourceTree = "<group>";
		};
		BD16DF9720D62805003D99F2 /* Products */ = {
			isa = PBXGroup;
			children = (
				BD16DF9620D62805003D99F2 /* Proficiency-Exercise.app */,
				BD16DFAA20D62806003D99F2 /* Proficiency-ExerciseTests.xctest */,
				BD16DFB520D62807003D99F2 /* Proficiency-ExerciseUITests.xctest */,
			);
			name = Products;
			sourceTree = "<group>";
		};
		BD16DF9820D62805003D99F2 /* Proficiency-Exercise */ = {
			isa = PBXGroup;
			children = (
				BD16DF9920D62805003D99F2 /* AppDelegate.swift */,
				BD16DF9D20D62805003D99F2 /* Main.storyboard */,
				BD16DFA220D62806003D99F2 /* LaunchScreen.storyboard */,
				BDD1F98B20D6387200FE7B12 /* ViewControllers */,
				BDD1F99020D6560B00FE7B12 /* Model */,
				BD16DFA020D62806003D99F2 /* Assets.xcassets */,
				BD16DFA520D62806003D99F2 /* Info.plist */,
			);
			path = "Proficiency-Exercise";
			sourceTree = "<group>";
		};
		BD16DFAD20D62807003D99F2 /* Proficiency-ExerciseTests */ = {
			isa = PBXGroup;
			children = (
				BD16DFAE20D62807003D99F2 /* Proficiency_ExerciseTests.swift */,
				BD16DFB020D62807003D99F2 /* Info.plist */,
			);
			path = "Proficiency-ExerciseTests";
			sourceTree = "<group>";
		};
		BD16DFB820D62807003D99F2 /* Proficiency-ExerciseUITests */ = {
			isa = PBXGroup;
			children = (
				BD16DFB920D62807003D99F2 /* Proficiency_ExerciseUITests.swift */,
				BD16DFBB20D62807003D99F2 /* Info.plist */,
			);
			path = "Proficiency-ExerciseUITests";
			sourceTree = "<group>";
		};
		BDD1F98B20D6387200FE7B12 /* ViewControllers */ = {
			isa = PBXGroup;
			children = (
				BDD1F98C20D6388C00FE7B12 /* HomeViewController */,
			);
			path = ViewControllers;
			sourceTree = "<group>";
		};
		BDD1F98C20D6388C00FE7B12 /* HomeViewController */ = {
			isa = PBXGroup;
			children = (
				BDD1F98720D6347400FE7B12 /* HomeViewController.swift */,
				BDD1F98920D6351A00FE7B12 /* HomeViewCell.swift */,
			);
			path = HomeViewController;
			sourceTree = "<group>";
		};
		BDD1F99020D6560B00FE7B12 /* Model */ = {
			isa = PBXGroup;
			children = (
				BDD1F99120D6562200FE7B12 /* HomeItem.swift */,
			);
			path = Model;
			sourceTree = "<group>";
		};
/* End PBXGroup section */

/* Begin PBXNativeTarget section */
		BD16DF9520D62805003D99F2 /* Proficiency-Exercise */ = {
			isa = PBXNativeTarget;
			buildConfigurationList = BD16DFBE20D62807003D99F2 /* Build configuration list for PBXNativeTarget "Proficiency-Exercise" */;
			buildPhases = (
				BD16DF9220D62805003D99F2 /* Sources */,
				BD16DF9320D62805003D99F2 /* Frameworks */,
				BD16DF9420D62805003D99F2 /* Resources */,
			);
			buildRules = (
			);
			dependencies = (
			);
			name = "Proficiency-Exercise";
			productName = "Proficiency-Exercise";
			productReference = BD16DF9620D62805003D99F2 /* Proficiency-Exercise.app */;
			productType = "com.apple.product-type.application";
		};
		BD16DFA920D62806003D99F2 /* Proficiency-ExerciseTests */ = {
			isa = PBXNativeTarget;
			buildConfigurationList = BD16DFC120D62807003D99F2 /* Build configuration list for PBXNativeTarget "Proficiency-ExerciseTests" */;
			buildPhases = (
				BD16DFA620D62806003D99F2 /* Sources */,
				BD16DFA720D62806003D99F2 /* Frameworks */,
				BD16DFA820D62806003D99F2 /* Resources */,
			);
			buildRules = (
			);
			dependencies = (
				BD16DFAC20D62806003D99F2 /* PBXTargetDependency */,
			);
			name = "Proficiency-ExerciseTests";
			productName = "Proficiency-ExerciseTests";
			productReference = BD16DFAA20D62806003D99F2 /* Proficiency-ExerciseTests.xctest */;
			productType = "com.apple.product-type.bundle.unit-test";
		};
		BD16DFB420D62807003D99F2 /* Proficiency-ExerciseUITests */ = {
			isa = PBXNativeTarget;
			buildConfigurationList = BD16DFC420D62807003D99F2 /* Build configuration list for PBXNativeTarget "Proficiency-ExerciseUITests" */;
			buildPhases = (
				BD16DFB120D62807003D99F2 /* Sources */,
				BD16DFB220D62807003D99F2 /* Frameworks */,
				BD16DFB320D62807003D99F2 /* Resources */,
			);
			buildRules = (
			);
			dependencies = (
				BD16DFB720D62807003D99F2 /* PBXTargetDependency */,
			);
			name = "Proficiency-ExerciseUITests";
			productName = "Proficiency-ExerciseUITests";
			productReference = BD16DFB520D62807003D99F2 /* Proficiency-ExerciseUITests.xctest */;
			productType = "com.apple.product-type.bundle.ui-testing";
		};
/* End PBXNativeTarget section */

/* Begin PBXProject section */
		BD16DF8E20D62805003D99F2 /* Project object */ = {
			isa = PBXProject;
			attributes = {
				LastSwiftUpdateCheck = 0940;
				LastUpgradeCheck = 0940;
				ORGANIZATIONNAME = "Vasim Ajmeri";
				TargetAttributes = {
					BD16DF9520D62805003D99F2 = {
						CreatedOnToolsVersion = 9.4;
					};
					BD16DFA920D62806003D99F2 = {
						CreatedOnToolsVersion = 9.4;
						TestTargetID = BD16DF9520D62805003D99F2;
					};
					BD16DFB420D62807003D99F2 = {
						CreatedOnToolsVersion = 9.4;
						TestTargetID = BD16DF9520D62805003D99F2;
					};
				};
			};
			buildConfigurationList = BD16DF9120D62805003D99F2 /* Build configuration list for PBXProject "Proficiency-Exercise" */;
			compatibilityVersion = "Xcode 9.3";
			developmentRegion = en;
			hasScannedForEncodings = 0;
			knownRegions = (
				en,
				Base,
			);
			mainGroup = BD16DF8D20D62805003D99F2;
			productRefGroup = BD16DF9720D62805003D99F2 /* Products */;
			projectDirPath = "";
			projectRoot = "";
			targets = (
				BD16DF9520D62805003D99F2 /* Proficiency-Exercise */,
				BD16DFA920D62806003D99F2 /* Proficiency-ExerciseTests */,
				BD16DFB420D62807003D99F2 /* Proficiency-ExerciseUITests */,
			);
		};
/* End PBXProject section */

/* Begin PBXResourcesBuildPhase section */
		BD16DF9420D62805003D99F2 /* Resources */ = {
			isa = PBXResourcesBuildPhase;
			buildActionMask = 2147483647;
			files = (
				BD16DFA420D62806003D99F2 /* LaunchScreen.storyboard in Resources */,
				BD16DFA120D62806003D99F2 /* Assets.xcassets in Resources */,
				BD16DF9F20D62805003D99F2 /* Main.storyboard in Resources */,
			);
			runOnlyForDeploymentPostprocessing = 0;
		};
		BD16DFA820D62806003D99F2 /* Resources */ = {
			isa = PBXResourcesBuildPhase;
			buildActionMask = 2147483647;
			files = (
			);
			runOnlyForDeploymentPostprocessing = 0;
		};
		BD16DFB320D62807003D99F2 /* Resources */ = {
			isa = PBXResourcesBuildPhase;
			buildActionMask = 2147483647;
			files = (
			);
			runOnlyForDeploymentPostprocessing = 0;
		};
/* End PBXResourcesBuildPhase section */

/* Begin PBXSourcesBuildPhase section */
		BD16DF9220D62805003D99F2 /* Sources */ = {
			isa = PBXSourcesBuildPhase;
			buildActionMask = 2147483647;
			files = (
				BD16DF9A20D62805003D99F2 /* AppDelegate.swift in Sources */,
				BDD1F99220D6562200FE7B12 /* HomeItem.swift in Sources */,
				BDD1F98820D6347400FE7B12 /* HomeViewController.swift in Sources */,
				BDD1F98A20D6351A00FE7B12 /* HomeViewCell.swift in Sources */,
			);
			runOnlyForDeploymentPostprocessing = 0;
		};
		BD16DFA620D62806003D99F2 /* Sources */ = {
			isa = PBXSourcesBuildPhase;
			buildActionMask = 2147483647;
			files = (
				BD16DFAF20D62807003D99F2 /* Proficiency_ExerciseTests.swift in Sources */,
			);
			runOnlyForDeploymentPostprocessing = 0;
		};
		BD16DFB120D62807003D99F2 /* Sources */ = {
			isa = PBXSourcesBuildPhase;
			buildActionMask = 2147483647;
			files = (
				BD16DFBA20D62807003D99F2 /* Proficiency_ExerciseUITests.swift in Sources */,
			);
			runOnlyForDeploymentPostprocessing = 0;
		};
/* End PBXSourcesBuildPhase section */

/* Begin PBXTargetDependency section */
		BD16DFAC20D62806003D99F2 /* PBXTargetDependency */ = {
			isa = PBXTargetDependency;
			target = BD16DF9520D62805003D99F2 /* Proficiency-Exercise */;
			targetProxy = BD16DFAB20D62806003D99F2 /* PBXContainerItemProxy */;
		};
		BD16DFB720D62807003D99F2 /* PBXTargetDependency */ = {
			isa = PBXTargetDependency;
			target = BD16DF9520D62805003D99F2 /* Proficiency-Exercise */;
			targetProxy = BD16DFB620D62807003D99F2 /* PBXContainerItemProxy */;
		};
/* End PBXTargetDependency section */

/* Begin PBXVariantGroup section */
		BD16DF9D20D62805003D99F2 /* Main.storyboard */ = {
			isa = PBXVariantGroup;
			children = (
				BD16DF9E20D62805003D99F2 /* Base */,
			);
			name = Main.storyboard;
			sourceTree = "<group>";
		};
		BD16DFA220D62806003D99F2 /* LaunchScreen.storyboard */ = {
			isa = PBXVariantGroup;
			children = (
				BD16DFA320D62806003D99F2 /* Base */,
			);
			name = LaunchScreen.storyboard;
			sourceTree = "<group>";
		};
/* End PBXVariantGroup section */

/* Begin XCBuildConfiguration section */
		BD16DFBC20D62807003D99F2 /* Debug */ = {
			isa = XCBuildConfiguration;
			buildSettings = {
				ALWAYS_SEARCH_USER_PATHS = NO;
				CLANG_ANALYZER_NONNULL = YES;
				CLANG_ANALYZER_NUMBER_OBJECT_CONVERSION = YES_AGGRESSIVE;
				CLANG_CXX_LANGUAGE_STANDARD = "gnu++14";
				CLANG_CXX_LIBRARY = "libc++";
				CLANG_ENABLE_MODULES = YES;
				CLANG_ENABLE_OBJC_ARC = YES;
				CLANG_ENABLE_OBJC_WEAK = YES;
				CLANG_WARN_BLOCK_CAPTURE_AUTORELEASING = YES;
				CLANG_WARN_BOOL_CONVERSION = YES;
				CLANG_WARN_COMMA = YES;
				CLANG_WARN_CONSTANT_CONVERSION = YES;
				CLANG_WARN_DEPRECATED_OBJC_IMPLEMENTATIONS = YES;
				CLANG_WARN_DIRECT_OBJC_ISA_USAGE = YES_ERROR;
				CLANG_WARN_DOCUMENTATION_COMMENTS = YES;
				CLANG_WARN_EMPTY_BODY = YES;
				CLANG_WARN_ENUM_CONVERSION = YES;
				CLANG_WARN_INFINITE_RECURSION = YES;
				CLANG_WARN_INT_CONVERSION = YES;
				CLANG_WARN_NON_LITERAL_NULL_CONVERSION = YES;
				CLANG_WARN_OBJC_IMPLICIT_RETAIN_SELF = YES;
				CLANG_WARN_OBJC_LITERAL_CONVERSION = YES;
				CLANG_WARN_OBJC_ROOT_CLASS = YES_ERROR;
				CLANG_WARN_RANGE_LOOP_ANALYSIS = YES;
				CLANG_WARN_STRICT_PROTOTYPES = YES;
				CLANG_WARN_SUSPICIOUS_MOVE = YES;
				CLANG_WARN_UNGUARDED_AVAILABILITY = YES_AGGRESSIVE;
				CLANG_WARN_UNREACHABLE_CODE = YES;
				CLANG_WARN__DUPLICATE_METHOD_MATCH = YES;
				CODE_SIGN_IDENTITY = "iPhone Developer";
				COPY_PHASE_STRIP = NO;
				DEBUG_INFORMATION_FORMAT = dwarf;
				ENABLE_STRICT_OBJC_MSGSEND = YES;
				ENABLE_TESTABILITY = YES;
				GCC_C_LANGUAGE_STANDARD = gnu11;
				GCC_DYNAMIC_NO_PIC = NO;
				GCC_NO_COMMON_BLOCKS = YES;
				GCC_OPTIMIZATION_LEVEL = 0;
				GCC_PREPROCESSOR_DEFINITIONS = (
					"DEBUG=1",
					"$(inherited)",
				);
				GCC_WARN_64_TO_32_BIT_CONVERSION = YES;
				GCC_WARN_ABOUT_RETURN_TYPE = YES_ERROR;
				GCC_WARN_UNDECLARED_SELECTOR = YES;
				GCC_WARN_UNINITIALIZED_AUTOS = YES_AGGRESSIVE;
				GCC_WARN_UNUSED_FUNCTION = YES;
				GCC_WARN_UNUSED_VARIABLE = YES;
				IPHONEOS_DEPLOYMENT_TARGET = 8.0;
				MTL_ENABLE_DEBUG_INFO = YES;
				ONLY_ACTIVE_ARCH = YES;
				SDKROOT = iphoneos;
				SWIFT_ACTIVE_COMPILATION_CONDITIONS = DEBUG;
				SWIFT_OPTIMIZATION_LEVEL = "-Onone";
			};
			name = Debug;
		};
		BD16DFBD20D62807003D99F2 /* Release */ = {
			isa = XCBuildConfiguration;
			buildSettings = {
				ALWAYS_SEARCH_USER_PATHS = NO;
				CLANG_ANALYZER_NONNULL = YES;
				CLANG_ANALYZER_NUMBER_OBJECT_CONVERSION = YES_AGGRESSIVE;
				CLANG_CXX_LANGUAGE_STANDARD = "gnu++14";
				CLANG_CXX_LIBRARY = "libc++";
				CLANG_ENABLE_MODULES = YES;
				CLANG_ENABLE_OBJC_ARC = YES;
				CLANG_ENABLE_OBJC_WEAK = YES;
				CLANG_WARN_BLOCK_CAPTURE_AUTORELEASING = YES;
				CLANG_WARN_BOOL_CONVERSION = YES;
				CLANG_WARN_COMMA = YES;
				CLANG_WARN_CONSTANT_CONVERSION = YES;
				CLANG_WARN_DEPRECATED_OBJC_IMPLEMENTATIONS = YES;
				CLANG_WARN_DIRECT_OBJC_ISA_USAGE = YES_ERROR;
				CLANG_WARN_DOCUMENTATION_COMMENTS = YES;
				CLANG_WARN_EMPTY_BODY = YES;
				CLANG_WARN_ENUM_CONVERSION = YES;
				CLANG_WARN_INFINITE_RECURSION = YES;
				CLANG_WARN_INT_CONVERSION = YES;
				CLANG_WARN_NON_LITERAL_NULL_CONVERSION = YES;
				CLANG_WARN_OBJC_IMPLICIT_RETAIN_SELF = YES;
				CLANG_WARN_OBJC_LITERAL_CONVERSION = YES;
				CLANG_WARN_OBJC_ROOT_CLASS = YES_ERROR;
				CLANG_WARN_RANGE_LOOP_ANALYSIS = YES;
				CLANG_WARN_STRICT_PROTOTYPES = YES;
				CLANG_WARN_SUSPICIOUS_MOVE = YES;
				CLANG_WARN_UNGUARDED_AVAILABILITY = YES_AGGRESSIVE;
				CLANG_WARN_UNREACHABLE_CODE = YES;
				CLANG_WARN__DUPLICATE_METHOD_MATCH = YES;
				CODE_SIGN_IDENTITY = "iPhone Developer";
				COPY_PHASE_STRIP = NO;
				DEBUG_INFORMATION_FORMAT = "dwarf-with-dsym";
				ENABLE_NS_ASSERTIONS = NO;
				ENABLE_STRICT_OBJC_MSGSEND = YES;
				GCC_C_LANGUAGE_STANDARD = gnu11;
				GCC_NO_COMMON_BLOCKS = YES;
				GCC_WARN_64_TO_32_BIT_CONVERSION = YES;
				GCC_WARN_ABOUT_RETURN_TYPE = YES_ERROR;
				GCC_WARN_UNDECLARED_SELECTOR = YES;
				GCC_WARN_UNINITIALIZED_AUTOS = YES_AGGRESSIVE;
				GCC_WARN_UNUSED_FUNCTION = YES;
				GCC_WARN_UNUSED_VARIABLE = YES;
				IPHONEOS_DEPLOYMENT_TARGET = 8.0;
				MTL_ENABLE_DEBUG_INFO = NO;
				SDKROOT = iphoneos;
				SWIFT_COMPILATION_MODE = wholemodule;
				SWIFT_OPTIMIZATION_LEVEL = "-O";
				VALIDATE_PRODUCT = YES;
			};
			name = Release;
		};
		BD16DFBF20D62807003D99F2 /* Debug */ = {
			isa = XCBuildConfiguration;
			buildSettings = {
				ASSETCATALOG_COMPILER_APPICON_NAME = AppIcon;
				CODE_SIGN_STYLE = Automatic;
				DEVELOPMENT_TEAM = MY37VB4A3Y;
				INFOPLIST_FILE = "Proficiency-Exercise/Info.plist";
				IPHONEOS_DEPLOYMENT_TARGET = 8.0;
				LD_RUNPATH_SEARCH_PATHS = (
					"$(inherited)",
					"@executable_path/Frameworks",
				);
				PRODUCT_BUNDLE_IDENTIFIER = "com.app.Proficiency-Exercise";
				PRODUCT_NAME = "$(TARGET_NAME)";
				SWIFT_VERSION = 4.0;
				TARGETED_DEVICE_FAMILY = "1,2";
			};
			name = Debug;
		};
		BD16DFC020D62807003D99F2 /* Release */ = {
			isa = XCBuildConfiguration;
			buildSettings = {
				ASSETCATALOG_COMPILER_APPICON_NAME = AppIcon;
				CODE_SIGN_STYLE = Automatic;
				DEVELOPMENT_TEAM = MY37VB4A3Y;
				INFOPLIST_FILE = "Proficiency-Exercise/Info.plist";
				IPHONEOS_DEPLOYMENT_TARGET = 8.0;
				LD_RUNPATH_SEARCH_PATHS = (
					"$(inherited)",
					"@executable_path/Frameworks",
				);
				PRODUCT_BUNDLE_IDENTIFIER = "com.app.Proficiency-Exercise";
				PRODUCT_NAME = "$(TARGET_NAME)";
				SWIFT_VERSION = 4.0;
				TARGETED_DEVICE_FAMILY = "1,2";
			};
			name = Release;
		};
		BD16DFC220D62807003D99F2 /* Debug */ = {
			isa = XCBuildConfiguration;
			buildSettings = {
				ALWAYS_EMBED_SWIFT_STANDARD_LIBRARIES = YES;
				BUNDLE_LOADER = "$(TEST_HOST)";
				CODE_SIGN_STYLE = Automatic;
				DEVELOPMENT_TEAM = MY37VB4A3Y;
				INFOPLIST_FILE = "Proficiency-ExerciseTests/Info.plist";
				LD_RUNPATH_SEARCH_PATHS = (
					"$(inherited)",
					"@executable_path/Frameworks",
					"@loader_path/Frameworks",
				);
				PRODUCT_BUNDLE_IDENTIFIER = "com.app.Proficiency-ExerciseTests";
				PRODUCT_NAME = "$(TARGET_NAME)";
				SWIFT_VERSION = 4.0;
				TARGETED_DEVICE_FAMILY = "1,2";
				TEST_HOST = "$(BUILT_PRODUCTS_DIR)/Proficiency-Exercise.app/Proficiency-Exercise";
			};
			name = Debug;
		};
		BD16DFC320D62807003D99F2 /* Release */ = {
			isa = XCBuildConfiguration;
			buildSettings = {
				ALWAYS_EMBED_SWIFT_STANDARD_LIBRARIES = YES;
				BUNDLE_LOADER = "$(TEST_HOST)";
				CODE_SIGN_STYLE = Automatic;
				DEVELOPMENT_TEAM = MY37VB4A3Y;
				INFOPLIST_FILE = "Proficiency-ExerciseTests/Info.plist";
				LD_RUNPATH_SEARCH_PATHS = (
					"$(inherited)",
					"@executable_path/Frameworks",
					"@loader_path/Frameworks",
				);
				PRODUCT_BUNDLE_IDENTIFIER = "com.app.Proficiency-ExerciseTests";
				PRODUCT_NAME = "$(TARGET_NAME)";
				SWIFT_VERSION = 4.0;
				TARGETED_DEVICE_FAMILY = "1,2";
				TEST_HOST = "$(BUILT_PRODUCTS_DIR)/Proficiency-Exercise.app/Proficiency-Exercise";
			};
			name = Release;
		};
		BD16DFC520D62807003D99F2 /* Debug */ = {
			isa = XCBuildConfiguration;
			buildSettings = {
				ALWAYS_EMBED_SWIFT_STANDARD_LIBRARIES = YES;
				CODE_SIGN_STYLE = Automatic;
				DEVELOPMENT_TEAM = MY37VB4A3Y;
				INFOPLIST_FILE = "Proficiency-ExerciseUITests/Info.plist";
				LD_RUNPATH_SEARCH_PATHS = (
					"$(inherited)",
					"@executable_path/Frameworks",
					"@loader_path/Frameworks",
				);
				PRODUCT_BUNDLE_IDENTIFIER = "com.app.Proficiency-ExerciseUITests";
				PRODUCT_NAME = "$(TARGET_NAME)";
				SWIFT_VERSION = 4.0;
				TARGETED_DEVICE_FAMILY = "1,2";
				TEST_TARGET_NAME = "Proficiency-Exercise";
			};
			name = Debug;
		};
		BD16DFC620D62807003D99F2 /* Release */ = {
			isa = XCBuildConfiguration;
			buildSettings = {
				ALWAYS_EMBED_SWIFT_STANDARD_LIBRARIES = YES;
				CODE_SIGN_STYLE = Automatic;
				DEVELOPMENT_TEAM = MY37VB4A3Y;
				INFOPLIST_FILE = "Proficiency-ExerciseUITests/Info.plist";
				LD_RUNPATH_SEARCH_PATHS = (
					"$(inherited)",
					"@executable_path/Frameworks",
					"@loader_path/Frameworks",
				);
				PRODUCT_BUNDLE_IDENTIFIER = "com.app.Proficiency-ExerciseUITests";
				PRODUCT_NAME = "$(TARGET_NAME)";
				SWIFT_VERSION = 4.0;
				TARGETED_DEVICE_FAMILY = "1,2";
				TEST_TARGET_NAME = "Proficiency-Exercise";
			};
			name = Release;
		};
/* End XCBuildConfiguration section */

/* Begin XCConfigurationList section */
		BD16DF9120D62805003D99F2 /* Build configuration list for PBXProject "Proficiency-Exercise" */ = {
			isa = XCConfigurationList;
			buildConfigurations = (
				BD16DFBC20D62807003D99F2 /* Debug */,
				BD16DFBD20D62807003D99F2 /* Release */,
			);
			defaultConfigurationIsVisible = 0;
			defaultConfigurationName = Release;
		};
		BD16DFBE20D62807003D99F2 /* Build configuration list for PBXNativeTarget "Proficiency-Exercise" */ = {
			isa = XCConfigurationList;
			buildConfigurations = (
				BD16DFBF20D62807003D99F2 /* Debug */,
				BD16DFC020D62807003D99F2 /* Release */,
			);
			defaultConfigurationIsVisible = 0;
			defaultConfigurationName = Release;
		};
		BD16DFC120D62807003D99F2 /* Build configuration list for PBXNativeTarget "Proficiency-ExerciseTests" */ = {
			isa = XCConfigurationList;
			buildConfigurations = (
				BD16DFC220D62807003D99F2 /* Debug */,
				BD16DFC320D62807003D99F2 /* Release */,
			);
			defaultConfigurationIsVisible = 0;
			defaultConfigurationName = Release;
		};
		BD16DFC420D62807003D99F2 /* Build configuration list for PBXNativeTarget "Proficiency-ExerciseUITests" */ = {
			isa = XCConfigurationList;
			buildConfigurations = (
				BD16DFC520D62807003D99F2 /* Debug */,
				BD16DFC620D62807003D99F2 /* Release */,
			);
			defaultConfigurationIsVisible = 0;
			defaultConfigurationName = Release;
		};
/* End XCConfigurationList section */
	};
	rootObject = BD16DF8E20D62805003D99F2 /* Project object */;
}
